
Microsoft Visual Studio Solution File, Format Version 12.00
# Visual Studio 15
VisualStudioVersion = 15.0.26730.12
MinimumVisualStudioVersion = 10.0.40219.1
Project("{FAE04EC0-301F-11D3-BF4B-00C04F79EFBC}") = "HalloCSharp", "HalloCSharp\HalloCSharp.csproj", "{A6655871-38ED-4977-91B3-FE2A4A4B0823}"
EndProject
Project("{FAE04EC0-301F-11D3-BF4B-00C04F79EFBC}") = "HalloWPF", "HalloWPF\HalloWPF.csproj", "{07E6BF2B-6323-4D83-AF51-4434D2E7018F}"
EndProject
Project("{FAE04EC0-301F-11D3-BF4B-00C04F79EFBC}") = "IntegerCalculator", "IntegerCalculator\IntegerCalculator.csproj", "{FEA0DF01-BD76-46FC-9410-B92CCDFC3847}"
EndProject
Project("{FAE04EC0-301F-11D3-BF4B-00C04F79EFBC}") = "Kontrollstrukturen", "Kontrollstrukturen\Kontrollstrukturen.csproj", "{C539DE82-4E08-480F-8FFF-AA7865B97CF3}"
EndProject
Project("{FAE04EC0-301F-11D3-BF4B-00C04F79EFBC}") = "TestResultat", "TestResultat\TestResultat.csproj", "{AA133727-A66D-44DE-B6EE-C6FACB93A1F8}"
EndProject
Project("{FAE04EC0-301F-11D3-BF4B-00C04F79EFBC}") = "MethodenUndParameter", "MethodenUndParameter\MethodenUndParameter.csproj", "{24715B1B-F859-4F34-966A-31EA0358889C}"
EndProject
Project("{FAE04EC0-301F-11D3-BF4B-00C04F79EFBC}") = "Klassen", "Klassen\Klassen.csproj", "{27C0CC8F-766A-446B-8EE4-65BC19D65279}"
EndProject
Project("{FAE04EC0-301F-11D3-BF4B-00C04F79EFBC}") = "Primzahlen", "Primzahlen\Primzahlen.csproj", "{708C73BB-544F-48F0-B32B-B2D2810D6E36}"
EndProject
Project("{FAE04EC0-301F-11D3-BF4B-00C04F79EFBC}") = "Vererbung", "Vererbung\Vererbung.csproj", "{BF4EC413-A144-4182-857A-C9534C9C1C36}"
EndProject
Project("{FAE04EC0-301F-11D3-BF4B-00C04F79EFBC}") = "WertUndReferenztypen", "WertUndReferenztypen\WertUndReferenztypen.csproj", "{AA45F4ED-3FB9-4462-A01D-A3A0F511ED5B}"
EndProject
Project("{FAE04EC0-301F-11D3-BF4B-00C04F79EFBC}") = "ÜberschreibenUndVerbergen", "ÜberschreibenUndVerbergen\ÜberschreibenUndVerbergen.csproj", "{37C16985-E5D0-4E7E-A485-6C6C45B36EE1}"
EndProject
Project("{FAE04EC0-301F-11D3-BF4B-00C04F79EFBC}") = "AbstrakteKlassen", "AbstrakteKlassen\AbstrakteKlassen.csproj", "{0F277CD4-FABA-4E9D-9805-08D4735E8F4A}"
EndProject
Project("{FAE04EC0-301F-11D3-BF4B-00C04F79EFBC}") = "Interfaces", "Interfaces\Interfaces.csproj", "{91631085-AB18-4EE3-910A-3F99B01E7757}"
EndProject
Project("{FAE04EC0-301F-11D3-BF4B-00C04F79EFBC}") = "Media", "Media\Media.csproj", "{F0FEAF0E-220B-4DD8-9473-BB44A472DD4F}"
EndProject
Project("{FAE04EC0-301F-11D3-BF4B-00C04F79EFBC}") = "Enumerationen", "Enumerationen\Enumerationen.csproj", "{22F087E3-8029-4442-8FEC-2833ED86CF81}"
EndProject
Project("{FAE04EC0-301F-11D3-BF4B-00C04F79EFBC}") = "Exceptions", "Exceptions\Exceptions.csproj", "{2C69A4D6-2A53-4893-B780-0B550634FF6D}"
EndProject
Project("{FAE04EC0-301F-11D3-BF4B-00C04F79EFBC}") = "Strukturen", "Strukturen\Strukturen.csproj", "{F6A5A8C4-84CF-4213-BD1E-3C46840652A5}"
EndProject
Project("{FAE04EC0-301F-11D3-BF4B-00C04F79EFBC}") = "StatischeMemberUndKlassen", "StatischeMemberUndKlassen\StatischeMemberUndKlassen.csproj", "{EDBC6494-9B64-4DE9-9A46-E93270CB1FB0}"
EndProject
Project("{FAE04EC0-301F-11D3-BF4B-00C04F79EFBC}") = "OperatorenÜberladen", "OperatorenÜberladen\OperatorenÜberladen.csproj", "{5C079065-D15A-49EC-8F5B-F9BBE84B1823}"
EndProject
Project("{FAE04EC0-301F-11D3-BF4B-00C04F79EFBC}") = "HalloDelegates", "HalloDelegates\HalloDelegates.csproj", "{FE645E2F-4C5C-48A8-87E4-7350B45DDA6C}"
EndProject
Project("{FAE04EC0-301F-11D3-BF4B-00C04F79EFBC}") = "DelegatesInPraxis", "DelegatesInPraxis\DelegatesInPraxis.csproj", "{C744E4D0-C797-4F6A-9C6E-53846729CAA5}"
EndProject
Global
	GlobalSection(SolutionConfigurationPlatforms) = preSolution
		Debug|Any CPU = Debug|Any CPU
		Release|Any CPU = Release|Any CPU
	EndGlobalSection
	GlobalSection(ProjectConfigurationPlatforms) = postSolution
		{A6655871-38ED-4977-91B3-FE2A4A4B0823}.Debug|Any CPU.ActiveCfg = Debug|Any CPU
		{A6655871-38ED-4977-91B3-FE2A4A4B0823}.Debug|Any CPU.Build.0 = Debug|Any CPU
		{A6655871-38ED-4977-91B3-FE2A4A4B0823}.Release|Any CPU.ActiveCfg = Release|Any CPU
		{A6655871-38ED-4977-91B3-FE2A4A4B0823}.Release|Any CPU.Build.0 = Release|Any CPU
		{07E6BF2B-6323-4D83-AF51-4434D2E7018F}.Debug|Any CPU.ActiveCfg = Debug|Any CPU
		{07E6BF2B-6323-4D83-AF51-4434D2E7018F}.Debug|Any CPU.Build.0 = Debug|Any CPU
		{07E6BF2B-6323-4D83-AF51-4434D2E7018F}.Release|Any CPU.ActiveCfg = Release|Any CPU
		{07E6BF2B-6323-4D83-AF51-4434D2E7018F}.Release|Any CPU.Build.0 = Release|Any CPU
		{FEA0DF01-BD76-46FC-9410-B92CCDFC3847}.Debug|Any CPU.ActiveCfg = Debug|Any CPU
		{FEA0DF01-BD76-46FC-9410-B92CCDFC3847}.Debug|Any CPU.Build.0 = Debug|Any CPU
		{FEA0DF01-BD76-46FC-9410-B92CCDFC3847}.Release|Any CPU.ActiveCfg = Release|Any CPU
		{FEA0DF01-BD76-46FC-9410-B92CCDFC3847}.Release|Any CPU.Build.0 = Release|Any CPU
		{C539DE82-4E08-480F-8FFF-AA7865B97CF3}.Debug|Any CPU.ActiveCfg = Debug|Any CPU
		{C539DE82-4E08-480F-8FFF-AA7865B97CF3}.Debug|Any CPU.Build.0 = Debug|Any CPU
		{C539DE82-4E08-480F-8FFF-AA7865B97CF3}.Release|Any CPU.ActiveCfg = Release|Any CPU
		{C539DE82-4E08-480F-8FFF-AA7865B97CF3}.Release|Any CPU.Build.0 = Release|Any CPU
		{AA133727-A66D-44DE-B6EE-C6FACB93A1F8}.Debug|Any CPU.ActiveCfg = Debug|Any CPU
		{AA133727-A66D-44DE-B6EE-C6FACB93A1F8}.Debug|Any CPU.Build.0 = Debug|Any CPU
		{AA133727-A66D-44DE-B6EE-C6FACB93A1F8}.Release|Any CPU.ActiveCfg = Release|Any CPU
		{AA133727-A66D-44DE-B6EE-C6FACB93A1F8}.Release|Any CPU.Build.0 = Release|Any CPU
		{24715B1B-F859-4F34-966A-31EA0358889C}.Debug|Any CPU.ActiveCfg = Debug|Any CPU
		{24715B1B-F859-4F34-966A-31EA0358889C}.Debug|Any CPU.Build.0 = Debug|Any CPU
		{24715B1B-F859-4F34-966A-31EA0358889C}.Release|Any CPU.ActiveCfg = Release|Any CPU
		{24715B1B-F859-4F34-966A-31EA0358889C}.Release|Any CPU.Build.0 = Release|Any CPU
		{27C0CC8F-766A-446B-8EE4-65BC19D65279}.Debug|Any CPU.ActiveCfg = Debug|Any CPU
		{27C0CC8F-766A-446B-8EE4-65BC19D65279}.Debug|Any CPU.Build.0 = Debug|Any CPU
		{27C0CC8F-766A-446B-8EE4-65BC19D65279}.Release|Any CPU.ActiveCfg = Release|Any CPU
		{27C0CC8F-766A-446B-8EE4-65BC19D65279}.Release|Any CPU.Build.0 = Release|Any CPU
		{708C73BB-544F-48F0-B32B-B2D2810D6E36}.Debug|Any CPU.ActiveCfg = Debug|Any CPU
		{708C73BB-544F-48F0-B32B-B2D2810D6E36}.Debug|Any CPU.Build.0 = Debug|Any CPU
		{708C73BB-544F-48F0-B32B-B2D2810D6E36}.Release|Any CPU.ActiveCfg = Release|Any CPU
		{708C73BB-544F-48F0-B32B-B2D2810D6E36}.Release|Any CPU.Build.0 = Release|Any CPU
		{BF4EC413-A144-4182-857A-C9534C9C1C36}.Debug|Any CPU.ActiveCfg = Debug|Any CPU
		{BF4EC413-A144-4182-857A-C9534C9C1C36}.Debug|Any CPU.Build.0 = Debug|Any CPU
		{BF4EC413-A144-4182-857A-C9534C9C1C36}.Release|Any CPU.ActiveCfg = Release|Any CPU
		{BF4EC413-A144-4182-857A-C9534C9C1C36}.Release|Any CPU.Build.0 = Release|Any CPU
		{AA45F4ED-3FB9-4462-A01D-A3A0F511ED5B}.Debug|Any CPU.ActiveCfg = Debug|Any CPU
		{AA45F4ED-3FB9-4462-A01D-A3A0F511ED5B}.Debug|Any CPU.Build.0 = Debug|Any CPU
		{AA45F4ED-3FB9-4462-A01D-A3A0F511ED5B}.Release|Any CPU.ActiveCfg = Release|Any CPU
		{AA45F4ED-3FB9-4462-A01D-A3A0F511ED5B}.Release|Any CPU.Build.0 = Release|Any CPU
		{37C16985-E5D0-4E7E-A485-6C6C45B36EE1}.Debug|Any CPU.ActiveCfg = Debug|Any CPU
		{37C16985-E5D0-4E7E-A485-6C6C45B36EE1}.Debug|Any CPU.Build.0 = Debug|Any CPU
		{37C16985-E5D0-4E7E-A485-6C6C45B36EE1}.Release|Any CPU.ActiveCfg = Release|Any CPU
		{37C16985-E5D0-4E7E-A485-6C6C45B36EE1}.Release|Any CPU.Build.0 = Release|Any CPU
		{0F277CD4-FABA-4E9D-9805-08D4735E8F4A}.Debug|Any CPU.ActiveCfg = Debug|Any CPU
		{0F277CD4-FABA-4E9D-9805-08D4735E8F4A}.Debug|Any CPU.Build.0 = Debug|Any CPU
		{0F277CD4-FABA-4E9D-9805-08D4735E8F4A}.Release|Any CPU.ActiveCfg = Release|Any CPU
		{0F277CD4-FABA-4E9D-9805-08D4735E8F4A}.Release|Any CPU.Build.0 = Release|Any CPU
		{91631085-AB18-4EE3-910A-3F99B01E7757}.Debug|Any CPU.ActiveCfg = Debug|Any CPU
		{91631085-AB18-4EE3-910A-3F99B01E7757}.Debug|Any CPU.Build.0 = Debug|Any CPU
		{91631085-AB18-4EE3-910A-3F99B01E7757}.Release|Any CPU.ActiveCfg = Release|Any CPU
		{91631085-AB18-4EE3-910A-3F99B01E7757}.Release|Any CPU.Build.0 = Release|Any CPU
		{F0FEAF0E-220B-4DD8-9473-BB44A472DD4F}.Debug|Any CPU.ActiveCfg = Debug|Any CPU
		{F0FEAF0E-220B-4DD8-9473-BB44A472DD4F}.Debug|Any CPU.Build.0 = Debug|Any CPU
		{F0FEAF0E-220B-4DD8-9473-BB44A472DD4F}.Release|Any CPU.ActiveCfg = Release|Any CPU
		{F0FEAF0E-220B-4DD8-9473-BB44A472DD4F}.Release|Any CPU.Build.0 = Release|Any CPU
		{22F087E3-8029-4442-8FEC-2833ED86CF81}.Debug|Any CPU.ActiveCfg = Debug|Any CPU
		{22F087E3-8029-4442-8FEC-2833ED86CF81}.Debug|Any CPU.Build.0 = Debug|Any CPU
		{22F087E3-8029-4442-8FEC-2833ED86CF81}.Release|Any CPU.ActiveCfg = Release|Any CPU
		{22F087E3-8029-4442-8FEC-2833ED86CF81}.Release|Any CPU.Build.0 = Release|Any CPU
		{2C69A4D6-2A53-4893-B780-0B550634FF6D}.Debug|Any CPU.ActiveCfg = Debug|Any CPU
		{2C69A4D6-2A53-4893-B780-0B550634FF6D}.Debug|Any CPU.Build.0 = Debug|Any CPU
		{2C69A4D6-2A53-4893-B780-0B550634FF6D}.Release|Any CPU.ActiveCfg = Release|Any CPU
		{2C69A4D6-2A53-4893-B780-0B550634FF6D}.Release|Any CPU.Build.0 = Release|Any CPU
		{F6A5A8C4-84CF-4213-BD1E-3C46840652A5}.Debug|Any CPU.ActiveCfg = Debug|Any CPU
		{F6A5A8C4-84CF-4213-BD1E-3C46840652A5}.Debug|Any CPU.Build.0 = Debug|Any CPU
		{F6A5A8C4-84CF-4213-BD1E-3C46840652A5}.Release|Any CPU.ActiveCfg = Release|Any CPU
		{F6A5A8C4-84CF-4213-BD1E-3C46840652A5}.Release|Any CPU.Build.0 = Release|Any CPU
		{EDBC6494-9B64-4DE9-9A46-E93270CB1FB0}.Debug|Any CPU.ActiveCfg = Debug|Any CPU
		{EDBC6494-9B64-4DE9-9A46-E93270CB1FB0}.Debug|Any CPU.Build.0 = Debug|Any CPU
		{EDBC6494-9B64-4DE9-9A46-E93270CB1FB0}.Release|Any CPU.ActiveCfg = Release|Any CPU
		{EDBC6494-9B64-4DE9-9A46-E93270CB1FB0}.Release|Any CPU.Build.0 = Release|Any CPU
		{5C079065-D15A-49EC-8F5B-F9BBE84B1823}.Debug|Any CPU.ActiveCfg = Debug|Any CPU
		{5C079065-D15A-49EC-8F5B-F9BBE84B1823}.Debug|Any CPU.Build.0 = Debug|Any CPU
		{5C079065-D15A-49EC-8F5B-F9BBE84B1823}.Release|Any CPU.ActiveCfg = Release|Any CPU
		{5C079065-D15A-49EC-8F5B-F9BBE84B1823}.Release|Any CPU.Build.0 = Release|Any CPU
		{FE645E2F-4C5C-48A8-87E4-7350B45DDA6C}.Debug|Any CPU.ActiveCfg = Debug|Any CPU
		{FE645E2F-4C5C-48A8-87E4-7350B45DDA6C}.Debug|Any CPU.Build.0 = Debug|Any CPU
		{FE645E2F-4C5C-48A8-87E4-7350B45DDA6C}.Release|Any CPU.ActiveCfg = Release|Any CPU
		{FE645E2F-4C5C-48A8-87E4-7350B45DDA6C}.Release|Any CPU.Build.0 = Release|Any CPU
		{C744E4D0-C797-4F6A-9C6E-53846729CAA5}.Debug|Any CPU.ActiveCfg = Debug|Any CPU
		{C744E4D0-C797-4F6A-9C6E-53846729CAA5}.Debug|Any CPU.Build.0 = Debug|Any CPU
		{C744E4D0-C797-4F6A-9C6E-53846729CAA5}.Release|Any CPU.ActiveCfg = Release|Any CPU
		{C744E4D0-C797-4F6A-9C6E-53846729CAA5}.Release|Any CPU.Build.0 = Release|Any CPU
	EndGlobalSection
	GlobalSection(SolutionProperties) = preSolution
		HideSolutionNode = FALSE
	EndGlobalSection
	GlobalSection(ExtensibilityGlobals) = postSolution
		SolutionGuid = {A9C935BB-61EE-4DE5-B1E5-CF4F56959958}
	EndGlobalSection
EndGlobal
